
Microsoft Visual Studio Solution File, Format Version 12.00
# Visual Studio Version 17
VisualStudioVersion = 17.4.33103.184
MinimumVisualStudioVersion = 10.0.40219.1
Project("{9A19103F-16F7-4668-BE54-9A1E7A4F7556}") = "RestaurantSystem", "RestaurantSystem\RestaurantSystem.csproj", "{898E9520-0552-4F1B-A850-1FB8D5350E80}"
EndProject
Project("{9A19103F-16F7-4668-BE54-9A1E7A4F7556}") = "RestaurantSystem.Tests", "RestaurantSystem.Tests\RestaurantSystem.Tests.csproj", "{82F82BDE-28E8-49C6-8BD3-FF3207201E18}"
EndProject
Global
	GlobalSection(SolutionConfigurationPlatforms) = preSolution
		Debug|Any CPU = Debug|Any CPU
		Release|Any CPU = Release|Any CPU
	EndGlobalSection
	GlobalSection(ProjectConfigurationPlatforms) = postSolution
		{898E9520-0552-4F1B-A850-1FB8D5350E80}.Debug|Any CPU.ActiveCfg = Debug|Any CPU
		{898E9520-0552-4F1B-A850-1FB8D5350E80}.Debug|Any CPU.Build.0 = Debug|Any CPU
		{898E9520-0552-4F1B-A850-1FB8D5350E80}.Release|Any CPU.ActiveCfg = Release|Any CPU
		{898E9520-0552-4F1B-A850-1FB8D5350E80}.Release|Any CPU.Build.0 = Release|Any CPU
		{82F82BDE-28E8-49C6-8BD3-FF3207201E18}.Debug|Any CPU.ActiveCfg = Debug|Any CPU
		{82F82BDE-28E8-49C6-8BD3-FF3207201E18}.Debug|Any CPU.Build.0 = Debug|Any CPU
		{82F82BDE-28E8-49C6-8BD3-FF3207201E18}.Release|Any CPU.ActiveCfg = Release|Any CPU
		{82F82BDE-28E8-49C6-8BD3-FF3207201E18}.Release|Any CPU.Build.0 = Release|Any CPU
	EndGlobalSection
	GlobalSection(SolutionProperties) = preSolution
		HideSolutionNode = FALSE
	EndGlobalSection
	GlobalSection(ExtensibilityGlobals) = postSolution
		SolutionGuid = {54CCF977-32E6-4BD7-8BEF-00DDD838900E}
	EndGlobalSection
EndGlobal
